
Microsoft Visual Studio Solution File, Format Version 12.00
# Visual Studio Version 17
VisualStudioVersion = 17.5.33530.505
MinimumVisualStudioVersion = 10.0.40219.1
Project("{9A19103F-16F7-4668-BE54-9A1E7A4F7556}") = "MyFirstApp", "MyFirstApp\MyFirstApp.csproj", "{7DB94504-ED26-4B7E-975F-E2AB953D9A11}"
EndProject
Project("{9A19103F-16F7-4668-BE54-9A1E7A4F7556}") = "MiddlewareExample", "MiddlewareExample\MiddlewareExample.csproj", "{69B71F2D-F6F4-4A43-98F7-18A2F861130F}"
EndProject
Project("{9A19103F-16F7-4668-BE54-9A1E7A4F7556}") = "UseWhenExample", "UseWhenExample\UseWhenExample.csproj", "{DAC6FBE0-551F-4D13-AEC6-5785A0CC859E}"
EndProject
Project("{9A19103F-16F7-4668-BE54-9A1E7A4F7556}") = "Assignment1", "Assignment1\Assignment1.csproj", "{16120659-6BA2-45AB-BFA1-A140CB864B0C}"
EndProject
Project("{9A19103F-16F7-4668-BE54-9A1E7A4F7556}") = "RoutingExample", "RoutingExample\RoutingExample.csproj", "{E35B274E-38E3-4E60-8909-5308E63458A4}"
EndProject
Project("{9A19103F-16F7-4668-BE54-9A1E7A4F7556}") = "RoutingExample(RouteParameter)", "RoutingExample(RouteParameter)\RoutingExample(RouteParameter).csproj", "{9F1CBFE2-A098-4F6D-9FB5-651566BD80D7}"
EndProject
Project("{9A19103F-16F7-4668-BE54-9A1E7A4F7556}") = "StaticFilesExample", "StaticFilesExample\StaticFilesExample.csproj", "{AA7DADA1-086F-4484-B7C8-8CA3B27805FC}"
EndProject
Project("{9A19103F-16F7-4668-BE54-9A1E7A4F7556}") = "ControllersExample", "ControllersExample\ControllersExample.csproj", "{23BBE66A-2024-49B1-B23D-75B78AE69C93}"
EndProject
Project("{9A19103F-16F7-4668-BE54-9A1E7A4F7556}") = "IActionResultExample", "IActionResultExample\IActionResultExample.csproj", "{2729A0E5-8EB4-4CE8-BF54-208F878C4F35}"
EndProject
Project("{9A19103F-16F7-4668-BE54-9A1E7A4F7556}") = "BankAppUsingController", "BankAppUsingController\BankAppUsingController.csproj", "{EF2A92C8-2F7D-4861-B34B-10FF122CBEFE}"
EndProject
Project("{9A19103F-16F7-4668-BE54-9A1E7A4F7556}") = "ModelValidationsExample", "ModelValidationsExample\ModelValidationsExample.csproj", "{16B88247-9C00-4EE8-9C36-74425CED8212}"
EndProject
Project("{9A19103F-16F7-4668-BE54-9A1E7A4F7556}") = "eCommerceUsingModelBinding", "eCommerceUsingModelBinding\eCommerceUsingModelBinding.csproj", "{545813C1-DE8E-4D33-A281-7C6198168426}"
EndProject
Project("{9A19103F-16F7-4668-BE54-9A1E7A4F7556}") = "ViewsExample", "ViewsExample\ViewsExample.csproj", "{98B610CB-26DB-46FA-AC76-8E75CCC9CF48}"
EndProject
Project("{9A19103F-16F7-4668-BE54-9A1E7A4F7556}") = "StronglyTypedViewsExample", "StronglyTypedViewsExample\StronglyTypedViewsExample.csproj", "{0D923CD8-29B0-453F-8A4F-0DCF806A06CE}"
EndProject
Project("{9A19103F-16F7-4668-BE54-9A1E7A4F7556}") = "StronglyTypedViewsMultipleModels", "StronglyTypedViewsMultipleModels\StronglyTypedViewsMultipleModels.csproj", "{FB55A413-112C-49E0-9794-D1A73A27F37C}"
EndProject
Project("{2150E333-8FDC-42A3-9474-1A3956D46DE8}") = "Assignment Solutions", "Assignment Solutions", "{771D3CBC-0A8C-4D27-9C2E-A5F16150E741}"
EndProject
Project("{2150E333-8FDC-42A3-9474-1A3956D46DE8}") = "Razor View - WeatherApp", "Razor View - WeatherApp", "{671A0C6D-D76B-4752-BA4C-A08CE747A999}"
EndProject
Project("{9A19103F-16F7-4668-BE54-9A1E7A4F7556}") = "LayoutViewExample", "LayoutViewExample\LayoutViewExample.csproj", "{0578D8C0-445C-4093-97B3-519522D5D8B9}"
EndProject
Project("{9A19103F-16F7-4668-BE54-9A1E7A4F7556}") = "PartialViewsExample", "PartialViewsExample\PartialViewsExample.csproj", "{3CD6F588-97E0-46A4-8E6D-4FA861F0D968}"
EndProject
Project("{9A19103F-16F7-4668-BE54-9A1E7A4F7556}") = "PartialViewWithViewData", "PartialViewWithViewData\PartialViewWithViewData.csproj", "{E8D6E2CD-4FC6-4C58-856A-BB9805535DFD}"
EndProject
Project("{9A19103F-16F7-4668-BE54-9A1E7A4F7556}") = "StronglyTypedPartialView", "StronglyTypedPartialView\StronglyTypedPartialView.csproj", "{B007EB11-B834-4EA1-9143-CAFA651CC482}"
EndProject
Project("{9A19103F-16F7-4668-BE54-9A1E7A4F7556}") = "PartialViewResultExample", "PartialViewResultExample\PartialViewResultExample.csproj", "{6C77A783-3B34-4655-8771-1C9AB9E7B57A}"
EndProject
Project("{9A19103F-16F7-4668-BE54-9A1E7A4F7556}") = "WeatherAppNew", "WeatherAppNew\WeatherAppNew.csproj", "{C51CD166-7739-4435-A998-B7055E42C921}"
EndProject
Project("{9A19103F-16F7-4668-BE54-9A1E7A4F7556}") = "ViewComponentExample", "ViewComponentExample\ViewComponentExample.csproj", "{DAE67900-413B-47F1-A8FD-9FEEA642EA46}"
EndProject
Project("{9A19103F-16F7-4668-BE54-9A1E7A4F7556}") = "ViewComponentWithViewDataExample", "ViewComponentWithViewDataExample\ViewComponentWithViewDataExample.csproj", "{B151EBC1-21D9-4C6F-A7DA-80286FB0A940}"
EndProject
Project("{9A19103F-16F7-4668-BE54-9A1E7A4F7556}") = "ViewComponentResultExample", "ViewComponentResultExample\ViewComponentResultExample.csproj", "{F27F9EED-5AFD-48CF-9766-FD43BAD8C14C}"
EndProject
Project("{9A19103F-16F7-4668-BE54-9A1E7A4F7556}") = "EnvirenmentExample", "EnvirenmentExample\EnvirenmentExample.csproj", "{52E2C09C-0003-443F-A4A7-BCC0C1F4E219}"
EndProject
Project("{9A19103F-16F7-4668-BE54-9A1E7A4F7556}") = "DependencyInjectionService1Example", "DependencyInjectionService1Example\DependencyInjectionService1Example.csproj", "{30DC144C-67C0-4FD5-8502-8846EAC33104}"
EndProject
Project("{9A19103F-16F7-4668-BE54-9A1E7A4F7556}") = "DepnInjcService1", "DepnInjcService1\DepnInjcService1.csproj", "{E4961E70-877B-4BAB-9D2A-D83230FF72C8}"
EndProject
Project("{9A19103F-16F7-4668-BE54-9A1E7A4F7556}") = "DependencyInjection2Example", "DependencyInjection2Example\DependencyInjection2Example.csproj", "{F8CCC93B-18AE-4EEB-9191-362ED006EE92}"
EndProject
Project("{9A19103F-16F7-4668-BE54-9A1E7A4F7556}") = "DependencyInjection2ServiceContracts", "DependencyInjection2ServiceContracts\DependencyInjection2ServiceContracts.csproj", "{C8F1F0EC-95DF-4BCB-AA4B-095D450308CF}"
EndProject
Project("{9A19103F-16F7-4668-BE54-9A1E7A4F7556}") = "DependencyInjection2Service", "DependencyInjection2Service\DependencyInjection2Service.csproj", "{8B4D4C05-1B47-49EA-B76C-7EC8CF34E3BB}"
EndProject
Project("{9A19103F-16F7-4668-BE54-9A1E7A4F7556}") = "AutofacDependencyInjectionExample", "AutofacDependencyInjectionExample\AutofacDependencyInjectionExample.csproj", "{3B56CEF4-CACE-4C5E-A118-760A8B0AF0F4}"
EndProject
Project("{9A19103F-16F7-4668-BE54-9A1E7A4F7556}") = "AutofacDependencyInjectionServices", "AutofacDependencyInjectionServices\AutofacDependencyInjectionServices.csproj", "{AC331C4A-C341-4EBC-9218-148B4D8F6CC2}"
EndProject
Project("{9A19103F-16F7-4668-BE54-9A1E7A4F7556}") = "AutofacDependencyInjectionServiceContracts", "AutofacDependencyInjectionServiceContracts\AutofacDependencyInjectionServiceContracts.csproj", "{1EE11675-3181-458A-B6E9-3DD5C2352EC7}"
EndProject
Project("{9A19103F-16F7-4668-BE54-9A1E7A4F7556}") = "HTMLHelpersExample", "HTMLHelpersExample\HTMLHelpersExample.csproj", "{9F1AC1B2-29E4-491D-8024-5026AB33CE05}"
EndProject
Project("{FAE04EC0-301F-11D3-BF4B-00C04F79EFBC}") = "HtmlHelpersExample2", "HtmlHelpersExample2\HtmlHelpersExample2.csproj", "{9EFEC2BB-EDA7-4F4F-8BEB-54500E86CA94}"
EndProject
Project("{FAE04EC0-301F-11D3-BF4B-00C04F79EFBC}") = "HtmlHelperExample3", "HtmlHelperExample3\HtmlHelperExample3.csproj", "{CF7E0CA7-6142-4EFB-A0C8-737B713AA454}"
EndProject
Global
	GlobalSection(SolutionConfigurationPlatforms) = preSolution
		Debug|Any CPU = Debug|Any CPU
		Release|Any CPU = Release|Any CPU
	EndGlobalSection
	GlobalSection(ProjectConfigurationPlatforms) = postSolution
		{7DB94504-ED26-4B7E-975F-E2AB953D9A11}.Debug|Any CPU.ActiveCfg = Debug|Any CPU
		{7DB94504-ED26-4B7E-975F-E2AB953D9A11}.Debug|Any CPU.Build.0 = Debug|Any CPU
		{7DB94504-ED26-4B7E-975F-E2AB953D9A11}.Release|Any CPU.ActiveCfg = Release|Any CPU
		{7DB94504-ED26-4B7E-975F-E2AB953D9A11}.Release|Any CPU.Build.0 = Release|Any CPU
		{69B71F2D-F6F4-4A43-98F7-18A2F861130F}.Debug|Any CPU.ActiveCfg = Debug|Any CPU
		{69B71F2D-F6F4-4A43-98F7-18A2F861130F}.Debug|Any CPU.Build.0 = Debug|Any CPU
		{69B71F2D-F6F4-4A43-98F7-18A2F861130F}.Release|Any CPU.ActiveCfg = Release|Any CPU
		{69B71F2D-F6F4-4A43-98F7-18A2F861130F}.Release|Any CPU.Build.0 = Release|Any CPU
		{DAC6FBE0-551F-4D13-AEC6-5785A0CC859E}.Debug|Any CPU.ActiveCfg = Debug|Any CPU
		{DAC6FBE0-551F-4D13-AEC6-5785A0CC859E}.Debug|Any CPU.Build.0 = Debug|Any CPU
		{DAC6FBE0-551F-4D13-AEC6-5785A0CC859E}.Release|Any CPU.ActiveCfg = Release|Any CPU
		{DAC6FBE0-551F-4D13-AEC6-5785A0CC859E}.Release|Any CPU.Build.0 = Release|Any CPU
		{16120659-6BA2-45AB-BFA1-A140CB864B0C}.Debug|Any CPU.ActiveCfg = Debug|Any CPU
		{16120659-6BA2-45AB-BFA1-A140CB864B0C}.Debug|Any CPU.Build.0 = Debug|Any CPU
		{16120659-6BA2-45AB-BFA1-A140CB864B0C}.Release|Any CPU.ActiveCfg = Release|Any CPU
		{16120659-6BA2-45AB-BFA1-A140CB864B0C}.Release|Any CPU.Build.0 = Release|Any CPU
		{E35B274E-38E3-4E60-8909-5308E63458A4}.Debug|Any CPU.ActiveCfg = Debug|Any CPU
		{E35B274E-38E3-4E60-8909-5308E63458A4}.Debug|Any CPU.Build.0 = Debug|Any CPU
		{E35B274E-38E3-4E60-8909-5308E63458A4}.Release|Any CPU.ActiveCfg = Release|Any CPU
		{E35B274E-38E3-4E60-8909-5308E63458A4}.Release|Any CPU.Build.0 = Release|Any CPU
		{9F1CBFE2-A098-4F6D-9FB5-651566BD80D7}.Debug|Any CPU.ActiveCfg = Debug|Any CPU
		{9F1CBFE2-A098-4F6D-9FB5-651566BD80D7}.Debug|Any CPU.Build.0 = Debug|Any CPU
		{9F1CBFE2-A098-4F6D-9FB5-651566BD80D7}.Release|Any CPU.ActiveCfg = Release|Any CPU
		{9F1CBFE2-A098-4F6D-9FB5-651566BD80D7}.Release|Any CPU.Build.0 = Release|Any CPU
		{AA7DADA1-086F-4484-B7C8-8CA3B27805FC}.Debug|Any CPU.ActiveCfg = Debug|Any CPU
		{AA7DADA1-086F-4484-B7C8-8CA3B27805FC}.Debug|Any CPU.Build.0 = Debug|Any CPU
		{AA7DADA1-086F-4484-B7C8-8CA3B27805FC}.Release|Any CPU.ActiveCfg = Release|Any CPU
		{AA7DADA1-086F-4484-B7C8-8CA3B27805FC}.Release|Any CPU.Build.0 = Release|Any CPU
		{23BBE66A-2024-49B1-B23D-75B78AE69C93}.Debug|Any CPU.ActiveCfg = Debug|Any CPU
		{23BBE66A-2024-49B1-B23D-75B78AE69C93}.Debug|Any CPU.Build.0 = Debug|Any CPU
		{23BBE66A-2024-49B1-B23D-75B78AE69C93}.Release|Any CPU.ActiveCfg = Release|Any CPU
		{23BBE66A-2024-49B1-B23D-75B78AE69C93}.Release|Any CPU.Build.0 = Release|Any CPU
		{2729A0E5-8EB4-4CE8-BF54-208F878C4F35}.Debug|Any CPU.ActiveCfg = Debug|Any CPU
		{2729A0E5-8EB4-4CE8-BF54-208F878C4F35}.Debug|Any CPU.Build.0 = Debug|Any CPU
		{2729A0E5-8EB4-4CE8-BF54-208F878C4F35}.Release|Any CPU.ActiveCfg = Release|Any CPU
		{2729A0E5-8EB4-4CE8-BF54-208F878C4F35}.Release|Any CPU.Build.0 = Release|Any CPU
		{EF2A92C8-2F7D-4861-B34B-10FF122CBEFE}.Debug|Any CPU.ActiveCfg = Debug|Any CPU
		{EF2A92C8-2F7D-4861-B34B-10FF122CBEFE}.Debug|Any CPU.Build.0 = Debug|Any CPU
		{EF2A92C8-2F7D-4861-B34B-10FF122CBEFE}.Release|Any CPU.ActiveCfg = Release|Any CPU
		{EF2A92C8-2F7D-4861-B34B-10FF122CBEFE}.Release|Any CPU.Build.0 = Release|Any CPU
		{16B88247-9C00-4EE8-9C36-74425CED8212}.Debug|Any CPU.ActiveCfg = Debug|Any CPU
		{16B88247-9C00-4EE8-9C36-74425CED8212}.Debug|Any CPU.Build.0 = Debug|Any CPU
		{16B88247-9C00-4EE8-9C36-74425CED8212}.Release|Any CPU.ActiveCfg = Release|Any CPU
		{16B88247-9C00-4EE8-9C36-74425CED8212}.Release|Any CPU.Build.0 = Release|Any CPU
		{545813C1-DE8E-4D33-A281-7C6198168426}.Debug|Any CPU.ActiveCfg = Debug|Any CPU
		{545813C1-DE8E-4D33-A281-7C6198168426}.Debug|Any CPU.Build.0 = Debug|Any CPU
		{545813C1-DE8E-4D33-A281-7C6198168426}.Release|Any CPU.ActiveCfg = Release|Any CPU
		{545813C1-DE8E-4D33-A281-7C6198168426}.Release|Any CPU.Build.0 = Release|Any CPU
		{98B610CB-26DB-46FA-AC76-8E75CCC9CF48}.Debug|Any CPU.ActiveCfg = Debug|Any CPU
		{98B610CB-26DB-46FA-AC76-8E75CCC9CF48}.Debug|Any CPU.Build.0 = Debug|Any CPU
		{98B610CB-26DB-46FA-AC76-8E75CCC9CF48}.Release|Any CPU.ActiveCfg = Release|Any CPU
		{98B610CB-26DB-46FA-AC76-8E75CCC9CF48}.Release|Any CPU.Build.0 = Release|Any CPU
		{0D923CD8-29B0-453F-8A4F-0DCF806A06CE}.Debug|Any CPU.ActiveCfg = Debug|Any CPU
		{0D923CD8-29B0-453F-8A4F-0DCF806A06CE}.Debug|Any CPU.Build.0 = Debug|Any CPU
		{0D923CD8-29B0-453F-8A4F-0DCF806A06CE}.Release|Any CPU.ActiveCfg = Release|Any CPU
		{0D923CD8-29B0-453F-8A4F-0DCF806A06CE}.Release|Any CPU.Build.0 = Release|Any CPU
		{FB55A413-112C-49E0-9794-D1A73A27F37C}.Debug|Any CPU.ActiveCfg = Debug|Any CPU
		{FB55A413-112C-49E0-9794-D1A73A27F37C}.Debug|Any CPU.Build.0 = Debug|Any CPU
		{FB55A413-112C-49E0-9794-D1A73A27F37C}.Release|Any CPU.ActiveCfg = Release|Any CPU
		{FB55A413-112C-49E0-9794-D1A73A27F37C}.Release|Any CPU.Build.0 = Release|Any CPU
		{0578D8C0-445C-4093-97B3-519522D5D8B9}.Debug|Any CPU.ActiveCfg = Debug|Any CPU
		{0578D8C0-445C-4093-97B3-519522D5D8B9}.Debug|Any CPU.Build.0 = Debug|Any CPU
		{0578D8C0-445C-4093-97B3-519522D5D8B9}.Release|Any CPU.ActiveCfg = Release|Any CPU
		{0578D8C0-445C-4093-97B3-519522D5D8B9}.Release|Any CPU.Build.0 = Release|Any CPU
		{3CD6F588-97E0-46A4-8E6D-4FA861F0D968}.Debug|Any CPU.ActiveCfg = Debug|Any CPU
		{3CD6F588-97E0-46A4-8E6D-4FA861F0D968}.Debug|Any CPU.Build.0 = Debug|Any CPU
		{3CD6F588-97E0-46A4-8E6D-4FA861F0D968}.Release|Any CPU.ActiveCfg = Release|Any CPU
		{3CD6F588-97E0-46A4-8E6D-4FA861F0D968}.Release|Any CPU.Build.0 = Release|Any CPU
		{E8D6E2CD-4FC6-4C58-856A-BB9805535DFD}.Debug|Any CPU.ActiveCfg = Debug|Any CPU
		{E8D6E2CD-4FC6-4C58-856A-BB9805535DFD}.Debug|Any CPU.Build.0 = Debug|Any CPU
		{E8D6E2CD-4FC6-4C58-856A-BB9805535DFD}.Release|Any CPU.ActiveCfg = Release|Any CPU
		{E8D6E2CD-4FC6-4C58-856A-BB9805535DFD}.Release|Any CPU.Build.0 = Release|Any CPU
		{B007EB11-B834-4EA1-9143-CAFA651CC482}.Debug|Any CPU.ActiveCfg = Debug|Any CPU
		{B007EB11-B834-4EA1-9143-CAFA651CC482}.Debug|Any CPU.Build.0 = Debug|Any CPU
		{B007EB11-B834-4EA1-9143-CAFA651CC482}.Release|Any CPU.ActiveCfg = Release|Any CPU
		{B007EB11-B834-4EA1-9143-CAFA651CC482}.Release|Any CPU.Build.0 = Release|Any CPU
		{6C77A783-3B34-4655-8771-1C9AB9E7B57A}.Debug|Any CPU.ActiveCfg = Debug|Any CPU
		{6C77A783-3B34-4655-8771-1C9AB9E7B57A}.Debug|Any CPU.Build.0 = Debug|Any CPU
		{6C77A783-3B34-4655-8771-1C9AB9E7B57A}.Release|Any CPU.ActiveCfg = Release|Any CPU
		{6C77A783-3B34-4655-8771-1C9AB9E7B57A}.Release|Any CPU.Build.0 = Release|Any CPU
		{C51CD166-7739-4435-A998-B7055E42C921}.Debug|Any CPU.ActiveCfg = Debug|Any CPU
		{C51CD166-7739-4435-A998-B7055E42C921}.Debug|Any CPU.Build.0 = Debug|Any CPU
		{C51CD166-7739-4435-A998-B7055E42C921}.Release|Any CPU.ActiveCfg = Release|Any CPU
		{C51CD166-7739-4435-A998-B7055E42C921}.Release|Any CPU.Build.0 = Release|Any CPU
		{DAE67900-413B-47F1-A8FD-9FEEA642EA46}.Debug|Any CPU.ActiveCfg = Debug|Any CPU
		{DAE67900-413B-47F1-A8FD-9FEEA642EA46}.Debug|Any CPU.Build.0 = Debug|Any CPU
		{DAE67900-413B-47F1-A8FD-9FEEA642EA46}.Release|Any CPU.ActiveCfg = Release|Any CPU
		{DAE67900-413B-47F1-A8FD-9FEEA642EA46}.Release|Any CPU.Build.0 = Release|Any CPU
		{B151EBC1-21D9-4C6F-A7DA-80286FB0A940}.Debug|Any CPU.ActiveCfg = Debug|Any CPU
		{B151EBC1-21D9-4C6F-A7DA-80286FB0A940}.Debug|Any CPU.Build.0 = Debug|Any CPU
		{B151EBC1-21D9-4C6F-A7DA-80286FB0A940}.Release|Any CPU.ActiveCfg = Release|Any CPU
		{B151EBC1-21D9-4C6F-A7DA-80286FB0A940}.Release|Any CPU.Build.0 = Release|Any CPU
		{F27F9EED-5AFD-48CF-9766-FD43BAD8C14C}.Debug|Any CPU.ActiveCfg = Debug|Any CPU
		{F27F9EED-5AFD-48CF-9766-FD43BAD8C14C}.Debug|Any CPU.Build.0 = Debug|Any CPU
		{F27F9EED-5AFD-48CF-9766-FD43BAD8C14C}.Release|Any CPU.ActiveCfg = Release|Any CPU
		{F27F9EED-5AFD-48CF-9766-FD43BAD8C14C}.Release|Any CPU.Build.0 = Release|Any CPU
		{52E2C09C-0003-443F-A4A7-BCC0C1F4E219}.Debug|Any CPU.ActiveCfg = Debug|Any CPU
		{52E2C09C-0003-443F-A4A7-BCC0C1F4E219}.Debug|Any CPU.Build.0 = Debug|Any CPU
		{52E2C09C-0003-443F-A4A7-BCC0C1F4E219}.Release|Any CPU.ActiveCfg = Release|Any CPU
		{52E2C09C-0003-443F-A4A7-BCC0C1F4E219}.Release|Any CPU.Build.0 = Release|Any CPU
		{30DC144C-67C0-4FD5-8502-8846EAC33104}.Debug|Any CPU.ActiveCfg = Debug|Any CPU
		{30DC144C-67C0-4FD5-8502-8846EAC33104}.Debug|Any CPU.Build.0 = Debug|Any CPU
		{30DC144C-67C0-4FD5-8502-8846EAC33104}.Release|Any CPU.ActiveCfg = Release|Any CPU
		{30DC144C-67C0-4FD5-8502-8846EAC33104}.Release|Any CPU.Build.0 = Release|Any CPU
		{E4961E70-877B-4BAB-9D2A-D83230FF72C8}.Debug|Any CPU.ActiveCfg = Debug|Any CPU
		{E4961E70-877B-4BAB-9D2A-D83230FF72C8}.Debug|Any CPU.Build.0 = Debug|Any CPU
		{E4961E70-877B-4BAB-9D2A-D83230FF72C8}.Release|Any CPU.ActiveCfg = Release|Any CPU
		{E4961E70-877B-4BAB-9D2A-D83230FF72C8}.Release|Any CPU.Build.0 = Release|Any CPU
		{F8CCC93B-18AE-4EEB-9191-362ED006EE92}.Debug|Any CPU.ActiveCfg = Debug|Any CPU
		{F8CCC93B-18AE-4EEB-9191-362ED006EE92}.Debug|Any CPU.Build.0 = Debug|Any CPU
		{F8CCC93B-18AE-4EEB-9191-362ED006EE92}.Release|Any CPU.ActiveCfg = Release|Any CPU
		{F8CCC93B-18AE-4EEB-9191-362ED006EE92}.Release|Any CPU.Build.0 = Release|Any CPU
		{C8F1F0EC-95DF-4BCB-AA4B-095D450308CF}.Debug|Any CPU.ActiveCfg = Debug|Any CPU
		{C8F1F0EC-95DF-4BCB-AA4B-095D450308CF}.Debug|Any CPU.Build.0 = Debug|Any CPU
		{C8F1F0EC-95DF-4BCB-AA4B-095D450308CF}.Release|Any CPU.ActiveCfg = Release|Any CPU
		{C8F1F0EC-95DF-4BCB-AA4B-095D450308CF}.Release|Any CPU.Build.0 = Release|Any CPU
		{8B4D4C05-1B47-49EA-B76C-7EC8CF34E3BB}.Debug|Any CPU.ActiveCfg = Debug|Any CPU
		{8B4D4C05-1B47-49EA-B76C-7EC8CF34E3BB}.Debug|Any CPU.Build.0 = Debug|Any CPU
		{8B4D4C05-1B47-49EA-B76C-7EC8CF34E3BB}.Release|Any CPU.ActiveCfg = Release|Any CPU
		{8B4D4C05-1B47-49EA-B76C-7EC8CF34E3BB}.Release|Any CPU.Build.0 = Release|Any CPU
		{3B56CEF4-CACE-4C5E-A118-760A8B0AF0F4}.Debug|Any CPU.ActiveCfg = Debug|Any CPU
		{3B56CEF4-CACE-4C5E-A118-760A8B0AF0F4}.Debug|Any CPU.Build.0 = Debug|Any CPU
		{3B56CEF4-CACE-4C5E-A118-760A8B0AF0F4}.Release|Any CPU.ActiveCfg = Release|Any CPU
		{3B56CEF4-CACE-4C5E-A118-760A8B0AF0F4}.Release|Any CPU.Build.0 = Release|Any CPU
		{AC331C4A-C341-4EBC-9218-148B4D8F6CC2}.Debug|Any CPU.ActiveCfg = Debug|Any CPU
		{AC331C4A-C341-4EBC-9218-148B4D8F6CC2}.Debug|Any CPU.Build.0 = Debug|Any CPU
		{AC331C4A-C341-4EBC-9218-148B4D8F6CC2}.Release|Any CPU.ActiveCfg = Release|Any CPU
		{AC331C4A-C341-4EBC-9218-148B4D8F6CC2}.Release|Any CPU.Build.0 = Release|Any CPU
		{1EE11675-3181-458A-B6E9-3DD5C2352EC7}.Debug|Any CPU.ActiveCfg = Debug|Any CPU
		{1EE11675-3181-458A-B6E9-3DD5C2352EC7}.Debug|Any CPU.Build.0 = Debug|Any CPU
		{1EE11675-3181-458A-B6E9-3DD5C2352EC7}.Release|Any CPU.ActiveCfg = Release|Any CPU
		{1EE11675-3181-458A-B6E9-3DD5C2352EC7}.Release|Any CPU.Build.0 = Release|Any CPU
		{9F1AC1B2-29E4-491D-8024-5026AB33CE05}.Debug|Any CPU.ActiveCfg = Debug|Any CPU
		{9F1AC1B2-29E4-491D-8024-5026AB33CE05}.Debug|Any CPU.Build.0 = Debug|Any CPU
		{9F1AC1B2-29E4-491D-8024-5026AB33CE05}.Release|Any CPU.ActiveCfg = Release|Any CPU
		{9F1AC1B2-29E4-491D-8024-5026AB33CE05}.Release|Any CPU.Build.0 = Release|Any CPU
		{9EFEC2BB-EDA7-4F4F-8BEB-54500E86CA94}.Debug|Any CPU.ActiveCfg = Debug|Any CPU
		{9EFEC2BB-EDA7-4F4F-8BEB-54500E86CA94}.Debug|Any CPU.Build.0 = Debug|Any CPU
		{9EFEC2BB-EDA7-4F4F-8BEB-54500E86CA94}.Release|Any CPU.ActiveCfg = Release|Any CPU
		{9EFEC2BB-EDA7-4F4F-8BEB-54500E86CA94}.Release|Any CPU.Build.0 = Release|Any CPU
		{CF7E0CA7-6142-4EFB-A0C8-737B713AA454}.Debug|Any CPU.ActiveCfg = Debug|Any CPU
		{CF7E0CA7-6142-4EFB-A0C8-737B713AA454}.Debug|Any CPU.Build.0 = Debug|Any CPU
		{CF7E0CA7-6142-4EFB-A0C8-737B713AA454}.Release|Any CPU.ActiveCfg = Release|Any CPU
		{CF7E0CA7-6142-4EFB-A0C8-737B713AA454}.Release|Any CPU.Build.0 = Release|Any CPU
	EndGlobalSection
	GlobalSection(SolutionProperties) = preSolution
		HideSolutionNode = FALSE
	EndGlobalSection
	GlobalSection(NestedProjects) = preSolution
		{671A0C6D-D76B-4752-BA4C-A08CE747A999} = {771D3CBC-0A8C-4D27-9C2E-A5F16150E741}
		{C51CD166-7739-4435-A998-B7055E42C921} = {671A0C6D-D76B-4752-BA4C-A08CE747A999}
	EndGlobalSection
	GlobalSection(ExtensibilityGlobals) = postSolution
		SolutionGuid = {283030B8-9ED1-4580-A43D-85E33D41FFDF}
	EndGlobalSection
EndGlobal
